
Microsoft Visual Studio Solution File, Format Version 12.00
# Visual Studio Version 17
VisualStudioVersion = 17.6.33829.357
MinimumVisualStudioVersion = 10.0.40219.1
Project("{FAE04EC0-301F-11D3-BF4B-00C04F79EFBC}") = "CrudEFbyMigration", "CrudEFbyMigration.csproj", "{3C2F5B16-0EF5-4FFE-8569-DB11BA2718EC}"
EndProject
Global
	GlobalSection(SolutionConfigurationPlatforms) = preSolution
		Debug|Any CPU = Debug|Any CPU
		Release|Any CPU = Release|Any CPU
	EndGlobalSection
	GlobalSection(ProjectConfigurationPlatforms) = postSolution
		{3C2F5B16-0EF5-4FFE-8569-DB11BA2718EC}.Debug|Any CPU.ActiveCfg = Debug|Any CPU
		{3C2F5B16-0EF5-4FFE-8569-DB11BA2718EC}.Debug|Any CPU.Build.0 = Debug|Any CPU
		{3C2F5B16-0EF5-4FFE-8569-DB11BA2718EC}.Release|Any CPU.ActiveCfg = Release|Any CPU
		{3C2F5B16-0EF5-4FFE-8569-DB11BA2718EC}.Release|Any CPU.Build.0 = Release|Any CPU
	EndGlobalSection
	GlobalSection(SolutionProperties) = preSolution
		HideSolutionNode = FALSE
	EndGlobalSection
	GlobalSection(ExtensibilityGlobals) = postSolution
		SolutionGuid = {1CB99FE8-FC6C-4845-A0D4-1E9C5EB5B80E}
	EndGlobalSection
EndGlobal
